
Microsoft Visual Studio Solution File, Format Version 12.00
# Visual Studio Version 17
VisualStudioVersion = 17.2.32616.157
MinimumVisualStudioVersion = 10.0.40219.1
Project("{9A19103F-16F7-4668-BE54-9A1E7A4F7556}") = "Importer", "src\Importer\Importer.csproj", "{63B84BD5-E31A-489F-86D3-E718EFD5C1F9}"
EndProject
Project("{2150E333-8FDC-42A3-9474-1A3956D46DE8}") = "src", "src", "{5D9AC5E0-BA29-46C2-B112-EB866D14830E}"
EndProject
Project("{2150E333-8FDC-42A3-9474-1A3956D46DE8}") = "tests", "tests", "{1959F03D-0429-4803-97E2-4DA7B338D19B}"
EndProject
Project("{9A19103F-16F7-4668-BE54-9A1E7A4F7556}") = "ImporterShould", "tests\ImporterShould\ImporterShould.csproj", "{0C0E0351-B73A-4398-8CE8-E2891926BD64}"
EndProject
Project("{2150E333-8FDC-42A3-9474-1A3956D46DE8}") = ".repo", ".repo", "{6F67A089-D397-41E5-A049-04F2A58EF7E7}"
	ProjectSection(SolutionItems) = preProject
		.gitignore = .gitignore
		LICENSE = LICENSE
		randomforweekend = randomforweekend
		README.md = README.md
	EndProjectSection
EndProject
Project("{FAE04EC0-301F-11D3-BF4B-00C04F79EFBC}") = "Operations", "src\Operations\Operations.csproj", "{88617B4E-F75F-4EDB-9D4F-B663933DB799}"
EndProject
Project("{FAE04EC0-301F-11D3-BF4B-00C04F79EFBC}") = "Infrastructure", "Infrastructure\Infrastructure.csproj", "{D6A3AAC0-35A4-4FB0-BBFF-3F905903B9A7}"
EndProject
Global
	GlobalSection(SolutionConfigurationPlatforms) = preSolution
		Debug|Any CPU = Debug|Any CPU
		Release|Any CPU = Release|Any CPU
	EndGlobalSection
	GlobalSection(ProjectConfigurationPlatforms) = postSolution
		{63B84BD5-E31A-489F-86D3-E718EFD5C1F9}.Debug|Any CPU.ActiveCfg = Debug|Any CPU
		{63B84BD5-E31A-489F-86D3-E718EFD5C1F9}.Debug|Any CPU.Build.0 = Debug|Any CPU
		{63B84BD5-E31A-489F-86D3-E718EFD5C1F9}.Release|Any CPU.ActiveCfg = Release|Any CPU
		{63B84BD5-E31A-489F-86D3-E718EFD5C1F9}.Release|Any CPU.Build.0 = Release|Any CPU
		{0C0E0351-B73A-4398-8CE8-E2891926BD64}.Debug|Any CPU.ActiveCfg = Debug|Any CPU
		{0C0E0351-B73A-4398-8CE8-E2891926BD64}.Debug|Any CPU.Build.0 = Debug|Any CPU
		{0C0E0351-B73A-4398-8CE8-E2891926BD64}.Release|Any CPU.ActiveCfg = Release|Any CPU
		{0C0E0351-B73A-4398-8CE8-E2891926BD64}.Release|Any CPU.Build.0 = Release|Any CPU
		{88617B4E-F75F-4EDB-9D4F-B663933DB799}.Debug|Any CPU.ActiveCfg = Debug|Any CPU
		{88617B4E-F75F-4EDB-9D4F-B663933DB799}.Debug|Any CPU.Build.0 = Debug|Any CPU
		{88617B4E-F75F-4EDB-9D4F-B663933DB799}.Release|Any CPU.ActiveCfg = Release|Any CPU
		{88617B4E-F75F-4EDB-9D4F-B663933DB799}.Release|Any CPU.Build.0 = Release|Any CPU
		{D6A3AAC0-35A4-4FB0-BBFF-3F905903B9A7}.Debug|Any CPU.ActiveCfg = Debug|Any CPU
		{D6A3AAC0-35A4-4FB0-BBFF-3F905903B9A7}.Debug|Any CPU.Build.0 = Debug|Any CPU
		{D6A3AAC0-35A4-4FB0-BBFF-3F905903B9A7}.Release|Any CPU.ActiveCfg = Release|Any CPU
		{D6A3AAC0-35A4-4FB0-BBFF-3F905903B9A7}.Release|Any CPU.Build.0 = Release|Any CPU
	EndGlobalSection
	GlobalSection(SolutionProperties) = preSolution
		HideSolutionNode = FALSE
	EndGlobalSection
	GlobalSection(NestedProjects) = preSolution
		{63B84BD5-E31A-489F-86D3-E718EFD5C1F9} = {5D9AC5E0-BA29-46C2-B112-EB866D14830E}
		{0C0E0351-B73A-4398-8CE8-E2891926BD64} = {1959F03D-0429-4803-97E2-4DA7B338D19B}
		{88617B4E-F75F-4EDB-9D4F-B663933DB799} = {5D9AC5E0-BA29-46C2-B112-EB866D14830E}
		{D6A3AAC0-35A4-4FB0-BBFF-3F905903B9A7} = {5D9AC5E0-BA29-46C2-B112-EB866D14830E}
	EndGlobalSection
	GlobalSection(ExtensibilityGlobals) = postSolution
		SolutionGuid = {33AA3164-9C07-4B28-BE06-79652F83BF79}
	EndGlobalSection
EndGlobal
